{
  "name": "@writetome51/get-sum-average-product",
  "version": "2.0.3",
  "lockfileVersion": 1,
  "requires": true,
  "dependencies": {
    "@arr/reduce": {
      "version": "1.0.3",
      "resolved": "https://registry.npmjs.org/@arr/reduce/-/reduce-1.0.3.tgz",
      "integrity": "sha512-7oFneQxxHIApC7Nb8HS6gfn9tu2XpC0g3OeZo4/I0RQgX88BMnlBiBJbpnilv3sUGGB+n+yDrHqCbaHaP0nnIQ=="
    },
    "@writetome51/not": {
      "version": "2.0.1",
      "resolved": "https://registry.npmjs.org/@writetome51/not/-/not-2.0.1.tgz",
      "integrity": "sha512-P8yMPs3LWMLZ+KN5ixNUuOHvT5RiIUqbPKD46tU3EvOSfpTk1jomFko8/pBhZq9ZwArT7Ff4IG0UgtiBopQjIQ=="
    },
    "error-if-length-is-zero": {
      "version": "1.0.1",
      "resolved": "https://registry.npmjs.org/error-if-length-is-zero/-/error-if-length-is-zero-1.0.1.tgz",
      "integrity": "sha512-UB2bqtLZ9lpexrsjQbH6UkdBJpmeesBQZHGEYwOFoiKReRuQlG/cODCOMNY+Fq8EFyeF1gg99eMSjdztqUEQqA=="
    },
    "error-if-not-finite-number": {
      "version": "2.0.1",
      "resolved": "https://registry.npmjs.org/error-if-not-finite-number/-/error-if-not-finite-number-2.0.1.tgz",
      "integrity": "sha512-lJCeBRfsEfAaPfrpt6+apvV0IoyOyLwH7x7t/62KTwTCw2BPHcCUvSN83WFD3/nfs4lKJE8gtPxTFMYRGqX4gg==",
      "requires": {
        "@writetome51/not": ">=2.0.0"
      }
    }
  }
}
